
Microsoft Visual Studio Solution File, Format Version 12.00
# Visual Studio 15
VisualStudioVersion = 15.0.28307.645
MinimumVisualStudioVersion = 10.0.40219.1
Project("{FAE04EC0-301F-11D3-BF4B-00C04F79EFBC}") = "TestMediatR", "TestMediatR\TestMediatR.csproj", "{ECCFC0A7-C4B6-4302-BE4F-57FEFCB96548}"
EndProject
Global
	GlobalSection(SolutionConfigurationPlatforms) = preSolution
		Debug|Any CPU = Debug|Any CPU
		Release|Any CPU = Release|Any CPU
	EndGlobalSection
	GlobalSection(ProjectConfigurationPlatforms) = postSolution
		{ECCFC0A7-C4B6-4302-BE4F-57FEFCB96548}.Debug|Any CPU.ActiveCfg = Debug|Any CPU
		{ECCFC0A7-C4B6-4302-BE4F-57FEFCB96548}.Debug|Any CPU.Build.0 = Debug|Any CPU
		{ECCFC0A7-C4B6-4302-BE4F-57FEFCB96548}.Release|Any CPU.ActiveCfg = Release|Any CPU
		{ECCFC0A7-C4B6-4302-BE4F-57FEFCB96548}.Release|Any CPU.Build.0 = Release|Any CPU
	EndGlobalSection
	GlobalSection(SolutionProperties) = preSolution
		HideSolutionNode = FALSE
	EndGlobalSection
	GlobalSection(ExtensibilityGlobals) = postSolution
		SolutionGuid = {BE49A464-2566-40DB-BAB6-945BA5CBDEFC}
	EndGlobalSection
EndGlobal
